
Microsoft Visual Studio Solution File, Format Version 12.00
# Visual Studio Version 17
VisualStudioVersion = 17.0.32112.339
MinimumVisualStudioVersion = 10.0.40219.1
Project("{FAE04EC0-301F-11D3-BF4B-00C04F79EFBC}") = "WebApplication1", "WebApplication1\WebApplication1.csproj", "{57F70227-EECC-49B2-A006-0B06B7B1AF92}"
EndProject
Global
	GlobalSection(SolutionConfigurationPlatforms) = preSolution
		Debug|Any CPU = Debug|Any CPU
		Release|Any CPU = Release|Any CPU
	EndGlobalSection
	GlobalSection(ProjectConfigurationPlatforms) = postSolution
		{57F70227-EECC-49B2-A006-0B06B7B1AF92}.Debug|Any CPU.ActiveCfg = Debug|Any CPU
		{57F70227-EECC-49B2-A006-0B06B7B1AF92}.Debug|Any CPU.Build.0 = Debug|Any CPU
		{57F70227-EECC-49B2-A006-0B06B7B1AF92}.Release|Any CPU.ActiveCfg = Release|Any CPU
		{57F70227-EECC-49B2-A006-0B06B7B1AF92}.Release|Any CPU.Build.0 = Release|Any CPU
	EndGlobalSection
	GlobalSection(SolutionProperties) = preSolution
		HideSolutionNode = FALSE
	EndGlobalSection
	GlobalSection(ExtensibilityGlobals) = postSolution
		SolutionGuid = {A5777B68-AAC2-425B-B72E-5B89C30FE374}
	EndGlobalSection
EndGlobal
