
Microsoft Visual Studio Solution File, Format Version 12.00
# Visual Studio Version 17
VisualStudioVersion = 17.0.32112.339
MinimumVisualStudioVersion = 10.0.40219.1
Project("{FAE04EC0-301F-11D3-BF4B-00C04F79EFBC}") = "prueba", "prueba\prueba.csproj", "{EAC39816-FDBE-419F-933B-864A6A282B48}"
EndProject
Global
	GlobalSection(SolutionConfigurationPlatforms) = preSolution
		Debug|Any CPU = Debug|Any CPU
		Release|Any CPU = Release|Any CPU
	EndGlobalSection
	GlobalSection(ProjectConfigurationPlatforms) = postSolution
		{EAC39816-FDBE-419F-933B-864A6A282B48}.Debug|Any CPU.ActiveCfg = Debug|Any CPU
		{EAC39816-FDBE-419F-933B-864A6A282B48}.Debug|Any CPU.Build.0 = Debug|Any CPU
		{EAC39816-FDBE-419F-933B-864A6A282B48}.Release|Any CPU.ActiveCfg = Release|Any CPU
		{EAC39816-FDBE-419F-933B-864A6A282B48}.Release|Any CPU.Build.0 = Release|Any CPU
	EndGlobalSection
	GlobalSection(SolutionProperties) = preSolution
		HideSolutionNode = FALSE
	EndGlobalSection
	GlobalSection(ExtensibilityGlobals) = postSolution
		SolutionGuid = {E8BC59EE-CC3A-4CAB-8545-1545ED082A6E}
	EndGlobalSection
EndGlobal
